{
  "name": "art-005-claude-frontier-academy-x-video",
  "version": "1.0.0",
  "lockfileVersion": 3,
  "requires": true,
  "packages": {
    "": {
      "name": "art-005-claude-frontier-academy-x-video",
      "version": "1.0.0",
      "dependencies": {
        "@fontsource/noto-sans-jp": "5.2.5",
        "playwright-core": "1.56.1"
      },
      "engines": {
        "node": ">=20"
      }
    },
    "node_modules/@fontsource/noto-sans-jp": {
      "version": "5.2.5",
      "resolved": "https://registry.npmjs.org/@fontsource/noto-sans-jp/-/noto-sans-jp-5.2.5.tgz",
      "integrity": "sha512-ISoJUQlsuSo4y56P+eJD+g022BRAF1BC2uCyEFGRsob0g8VvQAoWNMlWh+P0VQw68QzZHHj41zRzeRFpzAdA7w==",
      "license": "OFL-1.1",
      "funding": {
        "url": "https://github.com/sponsors/ayuhito"
      }
    },
    "node_modules/playwright-core": {
      "version": "1.56.1",
      "resolved": "https://registry.npmjs.org/playwright-core/-/playwright-core-1.56.1.tgz",
      "integrity": "sha512-hutraynyn31F+Bifme+Ps9Vq59hKuUCz7H1kDOcBs+2oGguKkWTU50bBWrtz34OUWmIwpBTWDxaRPXrIXkgvmQ==",
      "license": "Apache-2.0",
      "bin": {
        "playwright-core": "cli.js"
      },
      "engines": {
        "node": ">=18"
      }
    }
  }
}
